// !$*UTF8*$!
{
	archiveVersion = 1;
	classes = {
	};
	objectVersion = 48;
	objects = {

/* Begin PBXBuildFile section */
		AB702A5E202C408300BEC6AE /* AppDelegate.swift in Sources */ = {isa = PBXBuildFile; fileRef = AB702A5D202C408300BEC6AE /* AppDelegate.swift */; };
		AB702A60202C408300BEC6AE /* ViewController.swift in Sources */ = {isa = PBXBuildFile; fileRef = AB702A5F202C408300BEC6AE /* ViewController.swift */; };
		AB702A63202C408300BEC6AE /* Main.storyboard in Resources */ = {isa = PBXBuildFile; fileRef = AB702A61202C408300BEC6AE /* Main.storyboard */; };
		AB702A65202C408300BEC6AE /* Assets.xcassets in Resources */ = {isa = PBXBuildFile; fileRef = AB702A64202C408300BEC6AE /* Assets.xcassets */; };
		AB702A68202C408300BEC6AE /* LaunchScreen.storyboard in Resources */ = {isa = PBXBuildFile; fileRef = AB702A66202C408300BEC6AE /* LaunchScreen.storyboard */; };
/* End PBXBuildFile section */

/* Begin PBXFileReference section */
		AB702A5A202C408300BEC6AE /* apia2v1tors.app */ = {isa = PBXFileReference; explicitFileType = wrapper.application; includeInIndex = 0; path = apia2v1tors.app; sourceTree = BUILT_PRODUCTS_DIR; };
		AB702A5D202C408300BEC6AE /* AppDelegate.swift */ = {isa = PBXFileReference; lastKnownFileType = sourcecode.swift; path = AppDelegate.swift; sourceTree = "<group>"; };
		AB702A5F202C408300BEC6AE /* ViewController.swift */ = {isa = PBXFileReference; lastKnownFileType = sourcecode.swift; path = ViewController.swift; sourceTree = "<group>"; };
		AB702A62202C408300BEC6AE /* Base */ = {isa = PBXFileReference; lastKnownFileType = file.storyboard; name = Base; path = Base.lproj/Main.storyboard; sourceTree = "<group>"; };
		AB702A64202C408300BEC6AE /* Assets.xcassets */ = {isa = PBXFileReference; lastKnownFileType = folder.assetcatalog; path = Assets.xcassets; sourceTree = "<group>"; };
		AB702A67202C408300BEC6AE /* Base */ = {isa = PBXFileReference; lastKnownFileType = file.storyboard; name = Base; path = Base.lproj/LaunchScreen.storyboard; sourceTree = "<group>"; };
		AB702A69202C408300BEC6AE /* Info.plist */ = {isa = PBXFileReference; lastKnownFileType = text.plist.xml; path = Info.plist; sourceTree = "<group>"; };
/* End PBXFileReference section */

/* Begin PBXFrameworksBuildPhase section */
		AB702A57202C408300BEC6AE /* Frameworks */ = {
			isa = PBXFrameworksBuildPhase;
			buildActionMask = 2147483647;
			files = (
			);
			runOnlyForDeploymentPostprocessing = 0;
		};
/* End PBXFrameworksBuildPhase section */

/* Begin PBXGroup section */
		AB702A51202C408300BEC6AE = {
			isa = PBXGroup;
			children = (
				AB702A5C202C408300BEC6AE /* apia2v1tors */,
				AB702A5B202C408300BEC6AE /* Products */,
			);
			sourceTree = "<group>";
		};
		AB702A5B202C408300BEC6AE /* Products */ = {
			isa = PBXGroup;
			children = (
				AB702A5A202C408300BEC6AE /* apia2v1tors.app */,
			);
			name = Products;
			sourceTree = "<group>";
		};
		AB702A5C202C408300BEC6AE /* apia2v1tors */ = {
			isa = PBXGroup;
			children = (
				AB702A5D202C408300BEC6AE /* AppDelegate.swift */,
				AB702A5F202C408300BEC6AE /* ViewController.swift */,
				AB702A61202C408300BEC6AE /* Main.storyboard */,
				AB702A64202C408300BEC6AE /* Assets.xcassets */,
				AB702A66202C408300BEC6AE /* LaunchScreen.storyboard */,
				AB702A69202C408300BEC6AE /* Info.plist */,
			);
			path = apia2v1tors;
			sourceTree = "<group>";
		};
/* End PBXGroup section */

/* Begin PBXNativeTarget section */
		AB702A59202C408300BEC6AE /* apia2v1tors */ = {
			isa = PBXNativeTarget;
			buildConfigurationList = AB702A6C202C408300BEC6AE /* Build configuration list for PBXNativeTarget "apia2v1tors" */;
			buildPhases = (
				AB702A56202C408300BEC6AE /* Sources */,
				AB702A57202C408300BEC6AE /* Frameworks */,
				AB702A58202C408300BEC6AE /* Resources */,
			);
			buildRules = (
			);
			dependencies = (
			);
			name = apia2v1tors;
			productName = apia2v1tors;
			productReference = AB702A5A202C408300BEC6AE /* apia2v1tors.app */;
			productType = "com.apple.product-type.application";
		};
/* End PBXNativeTarget section */

/* Begin PBXProject section */
		AB702A52202C408300BEC6AE /* Project object */ = {
			isa = PBXProject;
			attributes = {
				LastSwiftUpdateCheck = 0920;
				LastUpgradeCheck = 0920;
				ORGANIZATIONNAME = "Magic Technology";
				TargetAttributes = {
					AB702A59202C408300BEC6AE = {
						CreatedOnToolsVersion = 9.2;
						ProvisioningStyle = Automatic;
					};
				};
			};
			buildConfigurationList = AB702A55202C408300BEC6AE /* Build configuration list for PBXProject "apia2v1tors" */;
			compatibilityVersion = "Xcode 8.0";
			developmentRegion = en;
			hasScannedForEncodings = 0;
			knownRegions = (
				en,
				Base,
			);
			mainGroup = AB702A51202C408300BEC6AE;
			productRefGroup = AB702A5B202C408300BEC6AE /* Products */;
			projectDirPath = "";
			projectRoot = "";
			targets = (
				AB702A59202C408300BEC6AE /* apia2v1tors */,
			);
		};
/* End PBXProject section */

/* Begin PBXResourcesBuildPhase section */
		AB702A58202C408300BEC6AE /* Resources */ = {
			isa = PBXResourcesBuildPhase;
			buildActionMask = 2147483647;
			files = (
				AB702A68202C408300BEC6AE /* LaunchScreen.storyboard in Resources */,
				AB702A65202C408300BEC6AE /* Assets.xcassets in Resources */,
				AB702A63202C408300BEC6AE /* Main.storyboard in Resources */,
			);
			runOnlyForDeploymentPostprocessing = 0;
		};
/* End PBXResourcesBuildPhase section */

/* Begin PBXSourcesBuildPhase section */
		AB702A56202C408300BEC6AE /* Sources */ = {
			isa = PBXSourcesBuildPhase;
			buildActionMask = 2147483647;
			files = (
				AB702A60202C408300BEC6AE /* ViewController.swift in Sources */,
				AB702A5E202C408300BEC6AE /* AppDelegate.swift in Sources */,
			);
			runOnlyForDeploymentPostprocessing = 0;
		};
/* End PBXSourcesBuildPhase section */

/* Begin PBXVariantGroup section */
		AB702A61202C408300BEC6AE /* Main.storyboard */ = {
			isa = PBXVariantGroup;
			children = (
				AB702A62202C408300BEC6AE /* Base */,
			);
			name = Main.storyboard;
			sourceTree = "<group>";
		};
		AB702A66202C408300BEC6AE /* LaunchScreen.storyboard */ = {
			isa = PBXVariantGroup;
			children = (
				AB702A67202C408300BEC6AE /* Base */,
			);
			name = LaunchScreen.storyboard;
			sourceTree = "<group>";
		};
/* End PBXVariantGroup section */

/* Begin XCBuildConfiguration section */
		AB702A6A202C408300BEC6AE /* Debug */ = {
			isa = XCBuildConfiguration;
			buildSettings = {
				ALWAYS_SEARCH_USER_PATHS = NO;
				CLANG_ANALYZER_NONNULL = YES;
				CLANG_ANALYZER_NUMBER_OBJECT_CONVERSION = YES_AGGRESSIVE;
				CLANG_CXX_LANGUAGE_STANDARD = "gnu++14";
				CLANG_CXX_LIBRARY = "libc++";
				CLANG_ENABLE_MODULES = YES;
				CLANG_ENABLE_OBJC_ARC = YES;
				CLANG_WARN_BLOCK_CAPTURE_AUTORELEASING = YES;
				CLANG_WARN_BOOL_CONVERSION = YES;
				CLANG_WARN_COMMA = YES;
				CLANG_WARN_CONSTANT_CONVERSION = YES;
				CLANG_WARN_DIRECT_OBJC_ISA_USAGE = YES_ERROR;
				CLANG_WARN_DOCUMENTATION_COMMENTS = YES;
				CLANG_WARN_EMPTY_BODY = YES;
				CLANG_WARN_ENUM_CONVERSION = YES;
				CLANG_WARN_INFINITE_RECURSION = YES;
				CLANG_WARN_INT_CONVERSION = YES;
				CLANG_WARN_NON_LITERAL_NULL_CONVERSION = YES;
				CLANG_WARN_OBJC_LITERAL_CONVERSION = YES;
				CLANG_WARN_OBJC_ROOT_CLASS = YES_ERROR;
				CLANG_WARN_RANGE_LOOP_ANALYSIS = YES;
				CLANG_WARN_STRICT_PROTOTYPES = YES;
				CLANG_WARN_SUSPICIOUS_MOVE = YES;
				CLANG_WARN_UNGUARDED_AVAILABILITY = YES_AGGRESSIVE;
				CLANG_WARN_UNREACHABLE_CODE = YES;
				CLANG_WARN__DUPLICATE_METHOD_MATCH = YES;
				CODE_SIGN_IDENTITY = "iPhone Developer";
				COPY_PHASE_STRIP = NO;
				DEBUG_INFORMATION_FORMAT = dwarf;
				ENABLE_STRICT_OBJC_MSGSEND = YES;
				ENABLE_TESTABILITY = YES;
				GCC_C_LANGUAGE_STANDARD = gnu11;
				GCC_DYNAMIC_NO_PIC = NO;
				GCC_NO_COMMON_BLOCKS = YES;
				GCC_OPTIMIZATION_LEVEL = 0;
				GCC_PREPROCESSOR_DEFINITIONS = (
					"DEBUG=1",
					"$(inherited)",
				);
				GCC_WARN_64_TO_32_BIT_CONVERSION = YES;
				GCC_WARN_ABOUT_RETURN_TYPE = YES_ERROR;
				GCC_WARN_UNDECLARED_SELECTOR = YES;
				GCC_WARN_UNINITIALIZED_AUTOS = YES_AGGRESSIVE;
				GCC_WARN_UNUSED_FUNCTION = YES;
				GCC_WARN_UNUSED_VARIABLE = YES;
				IPHONEOS_DEPLOYMENT_TARGET = 11.2;
				MTL_ENABLE_DEBUG_INFO = YES;
				ONLY_ACTIVE_ARCH = YES;
				SDKROOT = iphoneos;
				SWIFT_ACTIVE_COMPILATION_CONDITIONS = DEBUG;
				SWIFT_OPTIMIZATION_LEVEL = "-Onone";
			};
			name = Debug;
		};
		AB702A6B202C408300BEC6AE /* Release */ = {
			isa = XCBuildConfiguration;
			buildSettings = {
				ALWAYS_SEARCH_USER_PATHS = NO;
				CLANG_ANALYZER_NONNULL = YES;
				CLANG_ANALYZER_NUMBER_OBJECT_CONVERSION = YES_AGGRESSIVE;
				CLANG_CXX_LANGUAGE_STANDARD = "gnu++14";
				CLANG_CXX_LIBRARY = "libc++";
				CLANG_ENABLE_MODULES = YES;
				CLANG_ENABLE_OBJC_ARC = YES;
				CLANG_WARN_BLOCK_CAPTURE_AUTORELEASING = YES;
				CLANG_WARN_BOOL_CONVERSION = YES;
				CLANG_WARN_COMMA = YES;
				CLANG_WARN_CONSTANT_CONVERSION = YES;
				CLANG_WARN_DIRECT_OBJC_ISA_USAGE = YES_ERROR;
				CLANG_WARN_DOCUMENTATION_COMMENTS = YES;
				CLANG_WARN_EMPTY_BODY = YES;
				CLANG_WARN_ENUM_CONVERSION = YES;
				CLANG_WARN_INFINITE_RECURSION = YES;
				CLANG_WARN_INT_CONVERSION = YES;
				CLANG_WARN_NON_LITERAL_NULL_CONVERSION = YES;
				CLANG_WARN_OBJC_LITERAL_CONVERSION = YES;
				CLANG_WARN_OBJC_ROOT_CLASS = YES_ERROR;
				CLANG_WARN_RANGE_LOOP_ANALYSIS = YES;
				CLANG_WARN_STRICT_PROTOTYPES = YES;
				CLANG_WARN_SUSPICIOUS_MOVE = YES;
				CLANG_WARN_UNGUARDED_AVAILABILITY = YES_AGGRESSIVE;
				CLANG_WARN_UNREACHABLE_CODE = YES;
				CLANG_WARN__DUPLICATE_METHOD_MATCH = YES;
				CODE_SIGN_IDENTITY = "iPhone Developer";
				COPY_PHASE_STRIP = NO;
				DEBUG_INFORMATION_FORMAT = "dwarf-with-dsym";
				ENABLE_NS_ASSERTIONS = NO;
				ENABLE_STRICT_OBJC_MSGSEND = YES;
				GCC_C_LANGUAGE_STANDARD = gnu11;
				GCC_NO_COMMON_BLOCKS = YES;
				GCC_WARN_64_TO_32_BIT_CONVERSION = YES;
				GCC_WARN_ABOUT_RETURN_TYPE = YES_ERROR;
				GCC_WARN_UNDECLARED_SELECTOR = YES;
				GCC_WARN_UNINITIALIZED_AUTOS = YES_AGGRESSIVE;
				GCC_WARN_UNUSED_FUNCTION = YES;
				GCC_WARN_UNUSED_VARIABLE = YES;
				IPHONEOS_DEPLOYMENT_TARGET = 11.2;
				MTL_ENABLE_DEBUG_INFO = NO;
				SDKROOT = iphoneos;
				SWIFT_OPTIMIZATION_LEVEL = "-Owholemodule";
				VALIDATE_PRODUCT = YES;
			};
			name = Release;
		};
		AB702A6D202C408300BEC6AE /* Debug */ = {
			isa = XCBuildConfiguration;
			buildSettings = {
				ASSETCATALOG_COMPILER_APPICON_NAME = AppIcon;
				CODE_SIGN_STYLE = Automatic;
				DEVELOPMENT_TEAM = 6SGQZ32758;
				INFOPLIST_FILE = apia2v1tors/Info.plist;
				LD_RUNPATH_SEARCH_PATHS = "$(inherited) @executable_path/Frameworks";
				PRODUCT_BUNDLE_IDENTIFIER = se.magictechnology.apia2v1tors;
				PRODUCT_NAME = "$(TARGET_NAME)";
				SWIFT_VERSION = 4.0;
				TARGETED_DEVICE_FAMILY = "1,2";
			};
			name = Debug;
		};
		AB702A6E202C408300BEC6AE /* Release */ = {
			isa = XCBuildConfiguration;
			buildSettings = {
				ASSETCATALOG_COMPILER_APPICON_NAME = AppIcon;
				CODE_SIGN_STYLE = Automatic;
				DEVELOPMENT_TEAM = 6SGQZ32758;
				INFOPLIST_FILE = apia2v1tors/Info.plist;
				LD_RUNPATH_SEARCH_PATHS = "$(inherited) @executable_path/Frameworks";
				PRODUCT_BUNDLE_IDENTIFIER = se.magictechnology.apia2v1tors;
				PRODUCT_NAME = "$(TARGET_NAME)";
				SWIFT_VERSION = 4.0;
				TARGETED_DEVICE_FAMILY = "1,2";
			};
			name = Release;
		};
/* End XCBuildConfiguration section */

/* Begin XCConfigurationList section */
		AB702A55202C408300BEC6AE /* Build configuration list for PBXProject "apia2v1tors" */ = {
			isa = XCConfigurationList;
			buildConfigurations = (
				AB702A6A202C408300BEC6AE /* Debug */,
				AB702A6B202C408300BEC6AE /* Release */,
			);
			defaultConfigurationIsVisible = 0;
			defaultConfigurationName = Release;
		};
		AB702A6C202C408300BEC6AE /* Build configuration list for PBXNativeTarget "apia2v1tors" */ = {
			isa = XCConfigurationList;
			buildConfigurations = (
				AB702A6D202C408300BEC6AE /* Debug */,
				AB702A6E202C408300BEC6AE /* Release */,
			);
			defaultConfigurationIsVisible = 0;
			defaultConfigurationName = Release;
		};
/* End XCConfigurationList section */
	};
	rootObject = AB702A52202C408300BEC6AE /* Project object */;
}
